
Microsoft Visual Studio Solution File, Format Version 12.00
# Visual Studio Version 16
VisualStudioVersion = 16.0.28803.352
MinimumVisualStudioVersion = 10.0.40219.1
Project("{FAE04EC0-301F-11D3-BF4B-00C04F79EFBC}") = "HRDataRecordTinTech", "HRDataRecordTinTech\HRDataRecordTinTech.csproj", "{43D9C803-BAE7-4F1A-B35A-2B6584ECAFD3}"
EndProject
Global
	GlobalSection(SolutionConfigurationPlatforms) = preSolution
		Debug|Any CPU = Debug|Any CPU
		Release|Any CPU = Release|Any CPU
	EndGlobalSection
	GlobalSection(ProjectConfigurationPlatforms) = postSolution
		{43D9C803-BAE7-4F1A-B35A-2B6584ECAFD3}.Debug|Any CPU.ActiveCfg = Debug|Any CPU
		{43D9C803-BAE7-4F1A-B35A-2B6584ECAFD3}.Debug|Any CPU.Build.0 = Debug|Any CPU
		{43D9C803-BAE7-4F1A-B35A-2B6584ECAFD3}.Release|Any CPU.ActiveCfg = Release|Any CPU
		{43D9C803-BAE7-4F1A-B35A-2B6584ECAFD3}.Release|Any CPU.Build.0 = Release|Any CPU
	EndGlobalSection
	GlobalSection(SolutionProperties) = preSolution
		HideSolutionNode = FALSE
	EndGlobalSection
	GlobalSection(ExtensibilityGlobals) = postSolution
		SolutionGuid = {7E555684-4D53-4E60-90E4-C4DB2541FDA3}
	EndGlobalSection
EndGlobal
